// !$*UTF8*$!
{
	archiveVersion = 1;
	classes = {
	};
	objectVersion = 55;
	objects = {

/* Begin PBXBuildFile section */
		F187B1C32861E730002DDCA7 /* AppDelegate.swift in Sources */ = {isa = PBXBuildFile; fileRef = F187B1C22861E730002DDCA7 /* AppDelegate.swift */; };
		F187B1C52861E730002DDCA7 /* SceneDelegate.swift in Sources */ = {isa = PBXBuildFile; fileRef = F187B1C42861E730002DDCA7 /* SceneDelegate.swift */; };
		F187B1C72861E730002DDCA7 /* ViewController.swift in Sources */ = {isa = PBXBuildFile; fileRef = F187B1C62861E730002DDCA7 /* ViewController.swift */; };
		F187B1CA2861E730002DDCA7 /* Main.storyboard in Resources */ = {isa = PBXBuildFile; fileRef = F187B1C82861E730002DDCA7 /* Main.storyboard */; };
		F187B1CD2861E730002DDCA7 /* WhiteRabbitTest.xcdatamodeld in Sources */ = {isa = PBXBuildFile; fileRef = F187B1CB2861E730002DDCA7 /* WhiteRabbitTest.xcdatamodeld */; };
		F187B1CF2861E736002DDCA7 /* Assets.xcassets in Resources */ = {isa = PBXBuildFile; fileRef = F187B1CE2861E736002DDCA7 /* Assets.xcassets */; };
		F187B1D22861E736002DDCA7 /* LaunchScreen.storyboard in Resources */ = {isa = PBXBuildFile; fileRef = F187B1D02861E736002DDCA7 /* LaunchScreen.storyboard */; };
		F187B1DD2861E8CA002DDCA7 /* ProfileModel.swift in Sources */ = {isa = PBXBuildFile; fileRef = F187B1DC2861E8CA002DDCA7 /* ProfileModel.swift */; };
		F187B1DF2861EA53002DDCA7 /* DataManager.swift in Sources */ = {isa = PBXBuildFile; fileRef = F187B1DE2861EA53002DDCA7 /* DataManager.swift */; };
		F187B1E1286207F2002DDCA7 /* ProfileViewModel.swift in Sources */ = {isa = PBXBuildFile; fileRef = F187B1E0286207F2002DDCA7 /* ProfileViewModel.swift */; };
		F187B1E4286208AC002DDCA7 /* IndicatorHelper.swift in Sources */ = {isa = PBXBuildFile; fileRef = F187B1E3286208AC002DDCA7 /* IndicatorHelper.swift */; };
		F187B1E828620AEC002DDCA7 /* ProfileCell.swift in Sources */ = {isa = PBXBuildFile; fileRef = F187B1E628620AEC002DDCA7 /* ProfileCell.swift */; };
		F187B1E928620AEC002DDCA7 /* ProfileCell.xib in Resources */ = {isa = PBXBuildFile; fileRef = F187B1E728620AEC002DDCA7 /* ProfileCell.xib */; };
		F187B1EB28621160002DDCA7 /* Extension.swift in Sources */ = {isa = PBXBuildFile; fileRef = F187B1EA28621160002DDCA7 /* Extension.swift */; };
		F187B1EE2862148B002DDCA7 /* ProfileDetailViewController.swift in Sources */ = {isa = PBXBuildFile; fileRef = F187B1ED2862148B002DDCA7 /* ProfileDetailViewController.swift */; };
/* End PBXBuildFile section */

/* Begin PBXFileReference section */
		F187B1BF2861E730002DDCA7 /* WhiteRabbitTest.app */ = {isa = PBXFileReference; explicitFileType = wrapper.application; includeInIndex = 0; path = WhiteRabbitTest.app; sourceTree = BUILT_PRODUCTS_DIR; };
		F187B1C22861E730002DDCA7 /* AppDelegate.swift */ = {isa = PBXFileReference; lastKnownFileType = sourcecode.swift; path = AppDelegate.swift; sourceTree = "<group>"; };
		F187B1C42861E730002DDCA7 /* SceneDelegate.swift */ = {isa = PBXFileReference; lastKnownFileType = sourcecode.swift; path = SceneDelegate.swift; sourceTree = "<group>"; };
		F187B1C62861E730002DDCA7 /* ViewController.swift */ = {isa = PBXFileReference; lastKnownFileType = sourcecode.swift; path = ViewController.swift; sourceTree = "<group>"; };
		F187B1C92861E730002DDCA7 /* Base */ = {isa = PBXFileReference; lastKnownFileType = file.storyboard; name = Base; path = Base.lproj/Main.storyboard; sourceTree = "<group>"; };
		F187B1CC2861E730002DDCA7 /* WhiteRabbitTest.xcdatamodel */ = {isa = PBXFileReference; lastKnownFileType = wrapper.xcdatamodel; path = WhiteRabbitTest.xcdatamodel; sourceTree = "<group>"; };
		F187B1CE2861E736002DDCA7 /* Assets.xcassets */ = {isa = PBXFileReference; lastKnownFileType = folder.assetcatalog; path = Assets.xcassets; sourceTree = "<group>"; };
		F187B1D12861E736002DDCA7 /* Base */ = {isa = PBXFileReference; lastKnownFileType = file.storyboard; name = Base; path = Base.lproj/LaunchScreen.storyboard; sourceTree = "<group>"; };
		F187B1D32861E736002DDCA7 /* Info.plist */ = {isa = PBXFileReference; lastKnownFileType = text.plist.xml; path = Info.plist; sourceTree = "<group>"; };
		F187B1DC2861E8CA002DDCA7 /* ProfileModel.swift */ = {isa = PBXFileReference; lastKnownFileType = sourcecode.swift; path = ProfileModel.swift; sourceTree = "<group>"; };
		F187B1DE2861EA53002DDCA7 /* DataManager.swift */ = {isa = PBXFileReference; lastKnownFileType = sourcecode.swift; path = DataManager.swift; sourceTree = "<group>"; };
		F187B1E0286207F2002DDCA7 /* ProfileViewModel.swift */ = {isa = PBXFileReference; lastKnownFileType = sourcecode.swift; path = ProfileViewModel.swift; sourceTree = "<group>"; };
		F187B1E3286208AC002DDCA7 /* IndicatorHelper.swift */ = {isa = PBXFileReference; lastKnownFileType = sourcecode.swift; path = IndicatorHelper.swift; sourceTree = "<group>"; };
		F187B1E628620AEC002DDCA7 /* ProfileCell.swift */ = {isa = PBXFileReference; lastKnownFileType = sourcecode.swift; path = ProfileCell.swift; sourceTree = "<group>"; };
		F187B1E728620AEC002DDCA7 /* ProfileCell.xib */ = {isa = PBXFileReference; lastKnownFileType = file.xib; path = ProfileCell.xib; sourceTree = "<group>"; };
		F187B1EA28621160002DDCA7 /* Extension.swift */ = {isa = PBXFileReference; lastKnownFileType = sourcecode.swift; path = Extension.swift; sourceTree = "<group>"; };
		F187B1ED2862148B002DDCA7 /* ProfileDetailViewController.swift */ = {isa = PBXFileReference; lastKnownFileType = sourcecode.swift; path = ProfileDetailViewController.swift; sourceTree = "<group>"; };
/* End PBXFileReference section */

/* Begin PBXFrameworksBuildPhase section */
		F187B1BC2861E730002DDCA7 /* Frameworks */ = {
			isa = PBXFrameworksBuildPhase;
			buildActionMask = 2147483647;
			files = (
			);
			runOnlyForDeploymentPostprocessing = 0;
		};
/* End PBXFrameworksBuildPhase section */

/* Begin PBXGroup section */
		F187B1B62861E730002DDCA7 = {
			isa = PBXGroup;
			children = (
				F187B1C12861E730002DDCA7 /* WhiteRabbitTest */,
				F187B1C02861E730002DDCA7 /* Products */,
			);
			sourceTree = "<group>";
		};
		F187B1C02861E730002DDCA7 /* Products */ = {
			isa = PBXGroup;
			children = (
				F187B1BF2861E730002DDCA7 /* WhiteRabbitTest.app */,
			);
			name = Products;
			sourceTree = "<group>";
		};
		F187B1C12861E730002DDCA7 /* WhiteRabbitTest */ = {
			isa = PBXGroup;
			children = (
				F187B1C22861E730002DDCA7 /* AppDelegate.swift */,
				F187B1C42861E730002DDCA7 /* SceneDelegate.swift */,
				F187B1DB2861E7C5002DDCA7 /* Model */,
				F187B1DA2861E7B9002DDCA7 /* View */,
				F187B1D92861E786002DDCA7 /* View Model */,
				F187B1E22862088B002DDCA7 /* Helper */,
				F187B1EC2862137F002DDCA7 /* Controllers */,
				F187B1CE2861E736002DDCA7 /* Assets.xcassets */,
				F187B1D02861E736002DDCA7 /* LaunchScreen.storyboard */,
				F187B1D32861E736002DDCA7 /* Info.plist */,
				F187B1CB2861E730002DDCA7 /* WhiteRabbitTest.xcdatamodeld */,
			);
			path = WhiteRabbitTest;
			sourceTree = "<group>";
		};
		F187B1D92861E786002DDCA7 /* View Model */ = {
			isa = PBXGroup;
			children = (
				F187B1DE2861EA53002DDCA7 /* DataManager.swift */,
				F187B1E0286207F2002DDCA7 /* ProfileViewModel.swift */,
			);
			path = "View Model";
			sourceTree = "<group>";
		};
		F187B1DA2861E7B9002DDCA7 /* View */ = {
			isa = PBXGroup;
			children = (
				F187B1E528620AC1002DDCA7 /* ProfileListCell */,
				F187B1C82861E730002DDCA7 /* Main.storyboard */,
			);
			path = View;
			sourceTree = "<group>";
		};
		F187B1DB2861E7C5002DDCA7 /* Model */ = {
			isa = PBXGroup;
			children = (
				F187B1DC2861E8CA002DDCA7 /* ProfileModel.swift */,
			);
			path = Model;
			sourceTree = "<group>";
		};
		F187B1E22862088B002DDCA7 /* Helper */ = {
			isa = PBXGroup;
			children = (
				F187B1E3286208AC002DDCA7 /* IndicatorHelper.swift */,
				F187B1EA28621160002DDCA7 /* Extension.swift */,
			);
			path = Helper;
			sourceTree = "<group>";
		};
		F187B1E528620AC1002DDCA7 /* ProfileListCell */ = {
			isa = PBXGroup;
			children = (
				F187B1E628620AEC002DDCA7 /* ProfileCell.swift */,
				F187B1E728620AEC002DDCA7 /* ProfileCell.xib */,
			);
			path = ProfileListCell;
			sourceTree = "<group>";
		};
		F187B1EC2862137F002DDCA7 /* Controllers */ = {
			isa = PBXGroup;
			children = (
				F187B1C62861E730002DDCA7 /* ViewController.swift */,
				F187B1ED2862148B002DDCA7 /* ProfileDetailViewController.swift */,
			);
			path = Controllers;
			sourceTree = "<group>";
		};
/* End PBXGroup section */

/* Begin PBXNativeTarget section */
		F187B1BE2861E730002DDCA7 /* WhiteRabbitTest */ = {
			isa = PBXNativeTarget;
			buildConfigurationList = F187B1D62861E736002DDCA7 /* Build configuration list for PBXNativeTarget "WhiteRabbitTest" */;
			buildPhases = (
				F187B1BB2861E730002DDCA7 /* Sources */,
				F187B1BC2861E730002DDCA7 /* Frameworks */,
				F187B1BD2861E730002DDCA7 /* Resources */,
			);
			buildRules = (
			);
			dependencies = (
			);
			name = WhiteRabbitTest;
			productName = WhiteRabbitTest;
			productReference = F187B1BF2861E730002DDCA7 /* WhiteRabbitTest.app */;
			productType = "com.apple.product-type.application";
		};
/* End PBXNativeTarget section */

/* Begin PBXProject section */
		F187B1B72861E730002DDCA7 /* Project object */ = {
			isa = PBXProject;
			attributes = {
				BuildIndependentTargetsInParallel = 1;
				LastSwiftUpdateCheck = 1320;
				LastUpgradeCheck = 1320;
				TargetAttributes = {
					F187B1BE2861E730002DDCA7 = {
						CreatedOnToolsVersion = 13.2.1;
					};
				};
			};
			buildConfigurationList = F187B1BA2861E730002DDCA7 /* Build configuration list for PBXProject "WhiteRabbitTest" */;
			compatibilityVersion = "Xcode 13.0";
			developmentRegion = en;
			hasScannedForEncodings = 0;
			knownRegions = (
				en,
				Base,
			);
			mainGroup = F187B1B62861E730002DDCA7;
			productRefGroup = F187B1C02861E730002DDCA7 /* Products */;
			projectDirPath = "";
			projectRoot = "";
			targets = (
				F187B1BE2861E730002DDCA7 /* WhiteRabbitTest */,
			);
		};
/* End PBXProject section */

/* Begin PBXResourcesBuildPhase section */
		F187B1BD2861E730002DDCA7 /* Resources */ = {
			isa = PBXResourcesBuildPhase;
			buildActionMask = 2147483647;
			files = (
				F187B1D22861E736002DDCA7 /* LaunchScreen.storyboard in Resources */,
				F187B1E928620AEC002DDCA7 /* ProfileCell.xib in Resources */,
				F187B1CF2861E736002DDCA7 /* Assets.xcassets in Resources */,
				F187B1CA2861E730002DDCA7 /* Main.storyboard in Resources */,
			);
			runOnlyForDeploymentPostprocessing = 0;
		};
/* End PBXResourcesBuildPhase section */

/* Begin PBXSourcesBuildPhase section */
		F187B1BB2861E730002DDCA7 /* Sources */ = {
			isa = PBXSourcesBuildPhase;
			buildActionMask = 2147483647;
			files = (
				F187B1DD2861E8CA002DDCA7 /* ProfileModel.swift in Sources */,
				F187B1DF2861EA53002DDCA7 /* DataManager.swift in Sources */,
				F187B1C72861E730002DDCA7 /* ViewController.swift in Sources */,
				F187B1EE2862148B002DDCA7 /* ProfileDetailViewController.swift in Sources */,
				F187B1CD2861E730002DDCA7 /* WhiteRabbitTest.xcdatamodeld in Sources */,
				F187B1C32861E730002DDCA7 /* AppDelegate.swift in Sources */,
				F187B1EB28621160002DDCA7 /* Extension.swift in Sources */,
				F187B1E4286208AC002DDCA7 /* IndicatorHelper.swift in Sources */,
				F187B1E828620AEC002DDCA7 /* ProfileCell.swift in Sources */,
				F187B1C52861E730002DDCA7 /* SceneDelegate.swift in Sources */,
				F187B1E1286207F2002DDCA7 /* ProfileViewModel.swift in Sources */,
			);
			runOnlyForDeploymentPostprocessing = 0;
		};
/* End PBXSourcesBuildPhase section */

/* Begin PBXVariantGroup section */
		F187B1C82861E730002DDCA7 /* Main.storyboard */ = {
			isa = PBXVariantGroup;
			children = (
				F187B1C92861E730002DDCA7 /* Base */,
			);
			name = Main.storyboard;
			sourceTree = "<group>";
		};
		F187B1D02861E736002DDCA7 /* LaunchScreen.storyboard */ = {
			isa = PBXVariantGroup;
			children = (
				F187B1D12861E736002DDCA7 /* Base */,
			);
			name = LaunchScreen.storyboard;
			sourceTree = "<group>";
		};
/* End PBXVariantGroup section */

/* Begin XCBuildConfiguration section */
		F187B1D42861E736002DDCA7 /* Debug */ = {
			isa = XCBuildConfiguration;
			buildSettings = {
				ALWAYS_SEARCH_USER_PATHS = NO;
				CLANG_ANALYZER_NONNULL = YES;
				CLANG_ANALYZER_NUMBER_OBJECT_CONVERSION = YES_AGGRESSIVE;
				CLANG_CXX_LANGUAGE_STANDARD = "gnu++17";
				CLANG_CXX_LIBRARY = "libc++";
				CLANG_ENABLE_MODULES = YES;
				CLANG_ENABLE_OBJC_ARC = YES;
				CLANG_ENABLE_OBJC_WEAK = YES;
				CLANG_WARN_BLOCK_CAPTURE_AUTORELEASING = YES;
				CLANG_WARN_BOOL_CONVERSION = YES;
				CLANG_WARN_COMMA = YES;
				CLANG_WARN_CONSTANT_CONVERSION = YES;
				CLANG_WARN_DEPRECATED_OBJC_IMPLEMENTATIONS = YES;
				CLANG_WARN_DIRECT_OBJC_ISA_USAGE = YES_ERROR;
				CLANG_WARN_DOCUMENTATION_COMMENTS = YES;
				CLANG_WARN_EMPTY_BODY = YES;
				CLANG_WARN_ENUM_CONVERSION = YES;
				CLANG_WARN_INFINITE_RECURSION = YES;
				CLANG_WARN_INT_CONVERSION = YES;
				CLANG_WARN_NON_LITERAL_NULL_CONVERSION = YES;
				CLANG_WARN_OBJC_IMPLICIT_RETAIN_SELF = YES;
				CLANG_WARN_OBJC_LITERAL_CONVERSION = YES;
				CLANG_WARN_OBJC_ROOT_CLASS = YES_ERROR;
				CLANG_WARN_QUOTED_INCLUDE_IN_FRAMEWORK_HEADER = YES;
				CLANG_WARN_RANGE_LOOP_ANALYSIS = YES;
				CLANG_WARN_STRICT_PROTOTYPES = YES;
				CLANG_WARN_SUSPICIOUS_MOVE = YES;
				CLANG_WARN_UNGUARDED_AVAILABILITY = YES_AGGRESSIVE;
				CLANG_WARN_UNREACHABLE_CODE = YES;
				CLANG_WARN__DUPLICATE_METHOD_MATCH = YES;
				COPY_PHASE_STRIP = NO;
				DEBUG_INFORMATION_FORMAT = dwarf;
				ENABLE_STRICT_OBJC_MSGSEND = YES;
				ENABLE_TESTABILITY = YES;
				GCC_C_LANGUAGE_STANDARD = gnu11;
				GCC_DYNAMIC_NO_PIC = NO;
				GCC_NO_COMMON_BLOCKS = YES;
				GCC_OPTIMIZATION_LEVEL = 0;
				GCC_PREPROCESSOR_DEFINITIONS = (
					"DEBUG=1",
					"$(inherited)",
				);
				GCC_WARN_64_TO_32_BIT_CONVERSION = YES;
				GCC_WARN_ABOUT_RETURN_TYPE = YES_ERROR;
				GCC_WARN_UNDECLARED_SELECTOR = YES;
				GCC_WARN_UNINITIALIZED_AUTOS = YES_AGGRESSIVE;
				GCC_WARN_UNUSED_FUNCTION = YES;
				GCC_WARN_UNUSED_VARIABLE = YES;
				IPHONEOS_DEPLOYMENT_TARGET = 15.2;
				MTL_ENABLE_DEBUG_INFO = INCLUDE_SOURCE;
				MTL_FAST_MATH = YES;
				ONLY_ACTIVE_ARCH = YES;
				SDKROOT = iphoneos;
				SWIFT_ACTIVE_COMPILATION_CONDITIONS = DEBUG;
				SWIFT_OPTIMIZATION_LEVEL = "-Onone";
			};
			name = Debug;
		};
		F187B1D52861E736002DDCA7 /* Release */ = {
			isa = XCBuildConfiguration;
			buildSettings = {
				ALWAYS_SEARCH_USER_PATHS = NO;
				CLANG_ANALYZER_NONNULL = YES;
				CLANG_ANALYZER_NUMBER_OBJECT_CONVERSION = YES_AGGRESSIVE;
				CLANG_CXX_LANGUAGE_STANDARD = "gnu++17";
				CLANG_CXX_LIBRARY = "libc++";
				CLANG_ENABLE_MODULES = YES;
				CLANG_ENABLE_OBJC_ARC = YES;
				CLANG_ENABLE_OBJC_WEAK = YES;
				CLANG_WARN_BLOCK_CAPTURE_AUTORELEASING = YES;
				CLANG_WARN_BOOL_CONVERSION = YES;
				CLANG_WARN_COMMA = YES;
				CLANG_WARN_CONSTANT_CONVERSION = YES;
				CLANG_WARN_DEPRECATED_OBJC_IMPLEMENTATIONS = YES;
				CLANG_WARN_DIRECT_OBJC_ISA_USAGE = YES_ERROR;
				CLANG_WARN_DOCUMENTATION_COMMENTS = YES;
				CLANG_WARN_EMPTY_BODY = YES;
				CLANG_WARN_ENUM_CONVERSION = YES;
				CLANG_WARN_INFINITE_RECURSION = YES;
				CLANG_WARN_INT_CONVERSION = YES;
				CLANG_WARN_NON_LITERAL_NULL_CONVERSION = YES;
				CLANG_WARN_OBJC_IMPLICIT_RETAIN_SELF = YES;
				CLANG_WARN_OBJC_LITERAL_CONVERSION = YES;
				CLANG_WARN_OBJC_ROOT_CLASS = YES_ERROR;
				CLANG_WARN_QUOTED_INCLUDE_IN_FRAMEWORK_HEADER = YES;
				CLANG_WARN_RANGE_LOOP_ANALYSIS = YES;
				CLANG_WARN_STRICT_PROTOTYPES = YES;
				CLANG_WARN_SUSPICIOUS_MOVE = YES;
				CLANG_WARN_UNGUARDED_AVAILABILITY = YES_AGGRESSIVE;
				CLANG_WARN_UNREACHABLE_CODE = YES;
				CLANG_WARN__DUPLICATE_METHOD_MATCH = YES;
				COPY_PHASE_STRIP = NO;
				DEBUG_INFORMATION_FORMAT = "dwarf-with-dsym";
				ENABLE_NS_ASSERTIONS = NO;
				ENABLE_STRICT_OBJC_MSGSEND = YES;
				GCC_C_LANGUAGE_STANDARD = gnu11;
				GCC_NO_COMMON_BLOCKS = YES;
				GCC_WARN_64_TO_32_BIT_CONVERSION = YES;
				GCC_WARN_ABOUT_RETURN_TYPE = YES_ERROR;
				GCC_WARN_UNDECLARED_SELECTOR = YES;
				GCC_WARN_UNINITIALIZED_AUTOS = YES_AGGRESSIVE;
				GCC_WARN_UNUSED_FUNCTION = YES;
				GCC_WARN_UNUSED_VARIABLE = YES;
				IPHONEOS_DEPLOYMENT_TARGET = 15.2;
				MTL_ENABLE_DEBUG_INFO = NO;
				MTL_FAST_MATH = YES;
				SDKROOT = iphoneos;
				SWIFT_COMPILATION_MODE = wholemodule;
				SWIFT_OPTIMIZATION_LEVEL = "-O";
				VALIDATE_PRODUCT = YES;
			};
			name = Release;
		};
		F187B1D72861E736002DDCA7 /* Debug */ = {
			isa = XCBuildConfiguration;
			buildSettings = {
				ASSETCATALOG_COMPILER_APPICON_NAME = AppIcon;
				ASSETCATALOG_COMPILER_GLOBAL_ACCENT_COLOR_NAME = AccentColor;
				CODE_SIGN_STYLE = Automatic;
				CURRENT_PROJECT_VERSION = 1;
				GENERATE_INFOPLIST_FILE = YES;
				INFOPLIST_FILE = WhiteRabbitTest/Info.plist;
				INFOPLIST_KEY_UIApplicationSupportsIndirectInputEvents = YES;
				INFOPLIST_KEY_UILaunchStoryboardName = LaunchScreen;
				INFOPLIST_KEY_UIMainStoryboardFile = Main;
				INFOPLIST_KEY_UISupportedInterfaceOrientations_iPad = "UIInterfaceOrientationPortrait UIInterfaceOrientationPortraitUpsideDown UIInterfaceOrientationLandscapeLeft UIInterfaceOrientationLandscapeRight";
				INFOPLIST_KEY_UISupportedInterfaceOrientations_iPhone = "UIInterfaceOrientationPortrait UIInterfaceOrientationLandscapeLeft UIInterfaceOrientationLandscapeRight";
				LD_RUNPATH_SEARCH_PATHS = (
					"$(inherited)",
					"@executable_path/Frameworks",
				);
				MARKETING_VERSION = 1.0;
				PRODUCT_BUNDLE_IDENTIFIER = Notes.WhiteRabbitTest;
				PRODUCT_NAME = "$(TARGET_NAME)";
				SWIFT_EMIT_LOC_STRINGS = YES;
				SWIFT_VERSION = 5.0;
				TARGETED_DEVICE_FAMILY = "1,2";
			};
			name = Debug;
		};
		F187B1D82861E736002DDCA7 /* Release */ = {
			isa = XCBuildConfiguration;
			buildSettings = {
				ASSETCATALOG_COMPILER_APPICON_NAME = AppIcon;
				ASSETCATALOG_COMPILER_GLOBAL_ACCENT_COLOR_NAME = AccentColor;
				CODE_SIGN_STYLE = Automatic;
				CURRENT_PROJECT_VERSION = 1;
				GENERATE_INFOPLIST_FILE = YES;
				INFOPLIST_FILE = WhiteRabbitTest/Info.plist;
				INFOPLIST_KEY_UIApplicationSupportsIndirectInputEvents = YES;
				INFOPLIST_KEY_UILaunchStoryboardName = LaunchScreen;
				INFOPLIST_KEY_UIMainStoryboardFile = Main;
				INFOPLIST_KEY_UISupportedInterfaceOrientations_iPad = "UIInterfaceOrientationPortrait UIInterfaceOrientationPortraitUpsideDown UIInterfaceOrientationLandscapeLeft UIInterfaceOrientationLandscapeRight";
				INFOPLIST_KEY_UISupportedInterfaceOrientations_iPhone = "UIInterfaceOrientationPortrait UIInterfaceOrientationLandscapeLeft UIInterfaceOrientationLandscapeRight";
				LD_RUNPATH_SEARCH_PATHS = (
					"$(inherited)",
					"@executable_path/Frameworks",
				);
				MARKETING_VERSION = 1.0;
				PRODUCT_BUNDLE_IDENTIFIER = Notes.WhiteRabbitTest;
				PRODUCT_NAME = "$(TARGET_NAME)";
				SWIFT_EMIT_LOC_STRINGS = YES;
				SWIFT_VERSION = 5.0;
				TARGETED_DEVICE_FAMILY = "1,2";
			};
			name = Release;
		};
/* End XCBuildConfiguration section */

/* Begin XCConfigurationList section */
		F187B1BA2861E730002DDCA7 /* Build configuration list for PBXProject "WhiteRabbitTest" */ = {
			isa = XCConfigurationList;
			buildConfigurations = (
				F187B1D42861E736002DDCA7 /* Debug */,
				F187B1D52861E736002DDCA7 /* Release */,
			);
			defaultConfigurationIsVisible = 0;
			defaultConfigurationName = Release;
		};
		F187B1D62861E736002DDCA7 /* Build configuration list for PBXNativeTarget "WhiteRabbitTest" */ = {
			isa = XCConfigurationList;
			buildConfigurations = (
				F187B1D72861E736002DDCA7 /* Debug */,
				F187B1D82861E736002DDCA7 /* Release */,
			);
			defaultConfigurationIsVisible = 0;
			defaultConfigurationName = Release;
		};
/* End XCConfigurationList section */

/* Begin XCVersionGroup section */
		F187B1CB2861E730002DDCA7 /* WhiteRabbitTest.xcdatamodeld */ = {
			isa = XCVersionGroup;
			children = (
				F187B1CC2861E730002DDCA7 /* WhiteRabbitTest.xcdatamodel */,
			);
			currentVersion = F187B1CC2861E730002DDCA7 /* WhiteRabbitTest.xcdatamodel */;
			path = WhiteRabbitTest.xcdatamodeld;
			sourceTree = "<group>";
			versionGroupType = wrapper.xcdatamodel;
		};
/* End XCVersionGroup section */
	};
	rootObject = F187B1B72861E730002DDCA7 /* Project object */;
}
